// !$*UTF8*$!
{
	archiveVersion = 1;
	classes = {
	};
	objectVersion = 46;
	objects = {

/* Begin PBXBuildFile section */
		C9E72AA21D468202002453B5 /* LocationsTableViewController.swift in Sources */ = {isa = PBXBuildFile; fileRef = C9E72AA11D468202002453B5 /* LocationsTableViewController.swift */; };
		C9E72AA41D46826B002453B5 /* AddLocationViewController.swift in Sources */ = {isa = PBXBuildFile; fileRef = C9E72AA31D46826B002453B5 /* AddLocationViewController.swift */; };
		C9E72AA61D4682BA002453B5 /* Storyboard.storyboard in Resources */ = {isa = PBXBuildFile; fileRef = C9E72AA51D4682BA002453B5 /* Storyboard.storyboard */; };
		C9E72AA81D468DAC002453B5 /* Location.swift in Sources */ = {isa = PBXBuildFile; fileRef = C9E72AA71D468DAC002453B5 /* Location.swift */; };
		C9E72AAE1D4690CA002453B5 /* AppDelegate.swift in Sources */ = {isa = PBXBuildFile; fileRef = C9E72AAD1D4690CA002453B5 /* AppDelegate.swift */; };
		C9E72AB01D469154002453B5 /* info.plist in Resources */ = {isa = PBXBuildFile; fileRef = C9E72AAF1D469154002453B5 /* info.plist */; };
		C9E72AD01D469595002453B5 /* assets.xcassets in Resources */ = {isa = PBXBuildFile; fileRef = C9E72ACF1D469595002453B5 /* assets.xcassets */; };
		C9E72AD21D469816002453B5 /* LaunchScreen.storyboard in Resources */ = {isa = PBXBuildFile; fileRef = C9E72AD11D469816002453B5 /* LaunchScreen.storyboard */; };
/* End PBXBuildFile section */

/* Begin PBXFileReference section */
		2B5C58DD1D42629200273743 /* SwiftLocationTriviaDelegates.app */ = {isa = PBXFileReference; explicitFileType = wrapper.application; includeInIndex = 0; path = SwiftLocationTriviaDelegates.app; sourceTree = BUILT_PRODUCTS_DIR; };
		C9E72AA01D468202002453B5 /* SwiftLocationTriviaDelegates-Bridging-Header.h */ = {isa = PBXFileReference; lastKnownFileType = sourcecode.c.h; path = "SwiftLocationTriviaDelegates-Bridging-Header.h"; sourceTree = "<group>"; };
		C9E72AA11D468202002453B5 /* LocationsTableViewController.swift */ = {isa = PBXFileReference; fileEncoding = 4; lastKnownFileType = sourcecode.swift; path = LocationsTableViewController.swift; sourceTree = "<group>"; };
		C9E72AA31D46826B002453B5 /* AddLocationViewController.swift */ = {isa = PBXFileReference; fileEncoding = 4; lastKnownFileType = sourcecode.swift; path = AddLocationViewController.swift; sourceTree = "<group>"; };
		C9E72AA51D4682BA002453B5 /* Storyboard.storyboard */ = {isa = PBXFileReference; fileEncoding = 4; lastKnownFileType = file.storyboard; path = Storyboard.storyboard; sourceTree = "<group>"; };
		C9E72AA71D468DAC002453B5 /* Location.swift */ = {isa = PBXFileReference; fileEncoding = 4; lastKnownFileType = sourcecode.swift; path = Location.swift; sourceTree = "<group>"; };
		C9E72AAD1D4690CA002453B5 /* AppDelegate.swift */ = {isa = PBXFileReference; fileEncoding = 4; lastKnownFileType = sourcecode.swift; path = AppDelegate.swift; sourceTree = "<group>"; };
		C9E72AAF1D469154002453B5 /* info.plist */ = {isa = PBXFileReference; fileEncoding = 4; lastKnownFileType = text.plist.xml; path = info.plist; sourceTree = "<group>"; };
		C9E72ACF1D469595002453B5 /* assets.xcassets */ = {isa = PBXFileReference; lastKnownFileType = folder.assetcatalog; path = assets.xcassets; sourceTree = "<group>"; };
		C9E72AD11D469816002453B5 /* LaunchScreen.storyboard */ = {isa = PBXFileReference; fileEncoding = 4; lastKnownFileType = file.storyboard; path = LaunchScreen.storyboard; sourceTree = "<group>"; };
/* End PBXFileReference section */

/* Begin PBXFrameworksBuildPhase section */
		2B5C58DA1D42629200273743 /* Frameworks */ = {
			isa = PBXFrameworksBuildPhase;
			buildActionMask = 2147483647;
			files = (
			);
			runOnlyForDeploymentPostprocessing = 0;
		};
/* End PBXFrameworksBuildPhase section */

/* Begin PBXGroup section */
		2B5C58D41D42629200273743 = {
			isa = PBXGroup;
			children = (
				C9E72ACF1D469595002453B5 /* assets.xcassets */,
				C9E72A9F1D4681F2002453B5 /* SwiftLocationTriviaDelegates */,
				2B5C58DE1D42629200273743 /* Products */,
			);
			sourceTree = "<group>";
		};
		2B5C58DE1D42629200273743 /* Products */ = {
			isa = PBXGroup;
			children = (
				2B5C58DD1D42629200273743 /* SwiftLocationTriviaDelegates.app */,
			);
			name = Products;
			sourceTree = "<group>";
		};
		C9E72A9F1D4681F2002453B5 /* SwiftLocationTriviaDelegates */ = {
			isa = PBXGroup;
			children = (
				C9E72AA11D468202002453B5 /* LocationsTableViewController.swift */,
				C9E72AA71D468DAC002453B5 /* Location.swift */,
				C9E72AA31D46826B002453B5 /* AddLocationViewController.swift */,
				C9E72AA51D4682BA002453B5 /* Storyboard.storyboard */,
				C9E72AA01D468202002453B5 /* SwiftLocationTriviaDelegates-Bridging-Header.h */,
				C9E72AAD1D4690CA002453B5 /* AppDelegate.swift */,
				C9E72AD11D469816002453B5 /* LaunchScreen.storyboard */,
				C9E72AAF1D469154002453B5 /* info.plist */,
			);
			name = SwiftLocationTriviaDelegates;
			sourceTree = "<group>";
		};
/* End PBXGroup section */

/* Begin PBXNativeTarget section */
		2B5C58DC1D42629200273743 /* SwiftLocationTriviaDelegates */ = {
			isa = PBXNativeTarget;
			buildConfigurationList = 2B5C58EF1D42629200273743 /* Build configuration list for PBXNativeTarget "SwiftLocationTriviaDelegates" */;
			buildPhases = (
				2B5C58D91D42629200273743 /* Sources */,
				2B5C58DA1D42629200273743 /* Frameworks */,
				2B5C58DB1D42629200273743 /* Resources */,
			);
			buildRules = (
			);
			dependencies = (
			);
			name = SwiftLocationTriviaDelegates;
			productName = SwiftLocationTriviaDelegates;
			productReference = 2B5C58DD1D42629200273743 /* SwiftLocationTriviaDelegates.app */;
			productType = "com.apple.product-type.application";
		};
/* End PBXNativeTarget section */

/* Begin PBXProject section */
		2B5C58D51D42629200273743 /* Project object */ = {
			isa = PBXProject;
			attributes = {
				LastSwiftUpdateCheck = 0730;
				LastUpgradeCheck = 0730;
				ORGANIZATIONNAME = "Flatiron School";
				TargetAttributes = {
					2B5C58DC1D42629200273743 = {
						CreatedOnToolsVersion = 7.3;
					};
				};
			};
			buildConfigurationList = 2B5C58D81D42629200273743 /* Build configuration list for PBXProject "SwiftLocationTriviaDelegates" */;
			compatibilityVersion = "Xcode 3.2";
			developmentRegion = English;
			hasScannedForEncodings = 0;
			knownRegions = (
				en,
				Base,
			);
			mainGroup = 2B5C58D41D42629200273743;
			productRefGroup = 2B5C58DE1D42629200273743 /* Products */;
			projectDirPath = "";
			projectRoot = "";
			targets = (
				2B5C58DC1D42629200273743 /* SwiftLocationTriviaDelegates */,
			);
		};
/* End PBXProject section */

/* Begin PBXResourcesBuildPhase section */
		2B5C58DB1D42629200273743 /* Resources */ = {
			isa = PBXResourcesBuildPhase;
			buildActionMask = 2147483647;
			files = (
				C9E72AB01D469154002453B5 /* info.plist in Resources */,
				C9E72AD21D469816002453B5 /* LaunchScreen.storyboard in Resources */,
				C9E72AA61D4682BA002453B5 /* Storyboard.storyboard in Resources */,
				C9E72AD01D469595002453B5 /* assets.xcassets in Resources */,
			);
			runOnlyForDeploymentPostprocessing = 0;
		};
/* End PBXResourcesBuildPhase section */

/* Begin PBXSourcesBuildPhase section */
		2B5C58D91D42629200273743 /* Sources */ = {
			isa = PBXSourcesBuildPhase;
			buildActionMask = 2147483647;
			files = (
				C9E72AAE1D4690CA002453B5 /* AppDelegate.swift in Sources */,
				C9E72AA21D468202002453B5 /* LocationsTableViewController.swift in Sources */,
				C9E72AA81D468DAC002453B5 /* Location.swift in Sources */,
				C9E72AA41D46826B002453B5 /* AddLocationViewController.swift in Sources */,
			);
			runOnlyForDeploymentPostprocessing = 0;
		};
/* End PBXSourcesBuildPhase section */

/* Begin XCBuildConfiguration section */
		2B5C58ED1D42629200273743 /* Debug */ = {
			isa = XCBuildConfiguration;
			buildSettings = {
				ALWAYS_SEARCH_USER_PATHS = NO;
				CLANG_ANALYZER_NONNULL = YES;
				CLANG_CXX_LANGUAGE_STANDARD = "gnu++0x";
				CLANG_CXX_LIBRARY = "libc++";
				CLANG_ENABLE_MODULES = YES;
				CLANG_ENABLE_OBJC_ARC = YES;
				CLANG_WARN_BOOL_CONVERSION = YES;
				CLANG_WARN_CONSTANT_CONVERSION = YES;
				CLANG_WARN_DIRECT_OBJC_ISA_USAGE = YES_ERROR;
				CLANG_WARN_EMPTY_BODY = YES;
				CLANG_WARN_ENUM_CONVERSION = YES;
				CLANG_WARN_INT_CONVERSION = YES;
				CLANG_WARN_OBJC_ROOT_CLASS = YES_ERROR;
				CLANG_WARN_UNREACHABLE_CODE = YES;
				CLANG_WARN__DUPLICATE_METHOD_MATCH = YES;
				"CODE_SIGN_IDENTITY[sdk=iphoneos*]" = "iPhone Developer";
				COPY_PHASE_STRIP = NO;
				DEBUG_INFORMATION_FORMAT = dwarf;
				ENABLE_STRICT_OBJC_MSGSEND = YES;
				ENABLE_TESTABILITY = YES;
				GCC_C_LANGUAGE_STANDARD = gnu99;
				GCC_DYNAMIC_NO_PIC = NO;
				GCC_NO_COMMON_BLOCKS = YES;
				GCC_OPTIMIZATION_LEVEL = 0;
				GCC_PREPROCESSOR_DEFINITIONS = (
					"DEBUG=1",
					"$(inherited)",
				);
				GCC_WARN_64_TO_32_BIT_CONVERSION = YES;
				GCC_WARN_ABOUT_RETURN_TYPE = YES_ERROR;
				GCC_WARN_UNDECLARED_SELECTOR = YES;
				GCC_WARN_UNINITIALIZED_AUTOS = YES_AGGRESSIVE;
				GCC_WARN_UNUSED_FUNCTION = YES;
				GCC_WARN_UNUSED_VARIABLE = YES;
				IPHONEOS_DEPLOYMENT_TARGET = 9.3;
				MTL_ENABLE_DEBUG_INFO = YES;
				ONLY_ACTIVE_ARCH = YES;
				SDKROOT = iphoneos;
				SWIFT_OPTIMIZATION_LEVEL = "-Onone";
				TARGETED_DEVICE_FAMILY = "1,2";
			};
			name = Debug;
		};
		2B5C58EE1D42629200273743 /* Release */ = {
			isa = XCBuildConfiguration;
			buildSettings = {
				ALWAYS_SEARCH_USER_PATHS = NO;
				CLANG_ANALYZER_NONNULL = YES;
				CLANG_CXX_LANGUAGE_STANDARD = "gnu++0x";
				CLANG_CXX_LIBRARY = "libc++";
				CLANG_ENABLE_MODULES = YES;
				CLANG_ENABLE_OBJC_ARC = YES;
				CLANG_WARN_BOOL_CONVERSION = YES;
				CLANG_WARN_CONSTANT_CONVERSION = YES;
				CLANG_WARN_DIRECT_OBJC_ISA_USAGE = YES_ERROR;
				CLANG_WARN_EMPTY_BODY = YES;
				CLANG_WARN_ENUM_CONVERSION = YES;
				CLANG_WARN_INT_CONVERSION = YES;
				CLANG_WARN_OBJC_ROOT_CLASS = YES_ERROR;
				CLANG_WARN_UNREACHABLE_CODE = YES;
				CLANG_WARN__DUPLICATE_METHOD_MATCH = YES;
				"CODE_SIGN_IDENTITY[sdk=iphoneos*]" = "iPhone Developer";
				COPY_PHASE_STRIP = NO;
				DEBUG_INFORMATION_FORMAT = "dwarf-with-dsym";
				ENABLE_NS_ASSERTIONS = NO;
				ENABLE_STRICT_OBJC_MSGSEND = YES;
				GCC_C_LANGUAGE_STANDARD = gnu99;
				GCC_NO_COMMON_BLOCKS = YES;
				GCC_WARN_64_TO_32_BIT_CONVERSION = YES;
				GCC_WARN_ABOUT_RETURN_TYPE = YES_ERROR;
				GCC_WARN_UNDECLARED_SELECTOR = YES;
				GCC_WARN_UNINITIALIZED_AUTOS = YES_AGGRESSIVE;
				GCC_WARN_UNUSED_FUNCTION = YES;
				GCC_WARN_UNUSED_VARIABLE = YES;
				IPHONEOS_DEPLOYMENT_TARGET = 9.3;
				MTL_ENABLE_DEBUG_INFO = NO;
				SDKROOT = iphoneos;
				TARGETED_DEVICE_FAMILY = "1,2";
				VALIDATE_PRODUCT = YES;
			};
			name = Release;
		};
		2B5C58F01D42629200273743 /* Debug */ = {
			isa = XCBuildConfiguration;
			buildSettings = {
				CLANG_ENABLE_MODULES = YES;
				INFOPLIST_FILE = "$(SRCROOT)/info.plist";
				LD_RUNPATH_SEARCH_PATHS = "$(inherited) @executable_path/Frameworks";
				PRODUCT_BUNDLE_IDENTIFIER = com.mamerige.SwiftLocationTriviaDelegates;
				PRODUCT_NAME = "$(TARGET_NAME)";
				SWIFT_OBJC_BRIDGING_HEADER = "SwiftLocationTriviaDelegates-Bridging-Header.h";
				SWIFT_OPTIMIZATION_LEVEL = "-Onone";
			};
			name = Debug;
		};
		2B5C58F11D42629200273743 /* Release */ = {
			isa = XCBuildConfiguration;
			buildSettings = {
				CLANG_ENABLE_MODULES = YES;
				INFOPLIST_FILE = "$(SRCROOT)/info.plist";
				LD_RUNPATH_SEARCH_PATHS = "$(inherited) @executable_path/Frameworks";
				PRODUCT_BUNDLE_IDENTIFIER = com.mamerige.SwiftLocationTriviaDelegates;
				PRODUCT_NAME = "$(TARGET_NAME)";
				SWIFT_OBJC_BRIDGING_HEADER = "SwiftLocationTriviaDelegates-Bridging-Header.h";
			};
			name = Release;
		};
/* End XCBuildConfiguration section */

/* Begin XCConfigurationList section */
		2B5C58D81D42629200273743 /* Build configuration list for PBXProject "SwiftLocationTriviaDelegates" */ = {
			isa = XCConfigurationList;
			buildConfigurations = (
				2B5C58ED1D42629200273743 /* Debug */,
				2B5C58EE1D42629200273743 /* Release */,
			);
			defaultConfigurationIsVisible = 0;
			defaultConfigurationName = Release;
		};
		2B5C58EF1D42629200273743 /* Build configuration list for PBXNativeTarget "SwiftLocationTriviaDelegates" */ = {
			isa = XCConfigurationList;
			buildConfigurations = (
				2B5C58F01D42629200273743 /* Debug */,
				2B5C58F11D42629200273743 /* Release */,
			);
			defaultConfigurationIsVisible = 0;
			defaultConfigurationName = Release;
		};
/* End XCConfigurationList section */
	};
	rootObject = 2B5C58D51D42629200273743 /* Project object */;
}
